{
  "name": "variant-vjay",
  "version": "1.0.0",
  "lockfileVersion": 1,
  "requires": true,
  "dependencies": {
    "@babel/runtime": {
      "version": "7.2.0",
      "resolved": "https://registry.npmjs.org/@babel/runtime/-/runtime-7.2.0.tgz",
      "integrity": "sha512-oouEibCbHMVdZSDlJBO6bZmID/zA/G/Qx3H1d3rSNPTD+L8UNKvCat7aKWSJ74zYbm5zWGh0GQN0hKj8zYFTCg==",
      "requires": {
        "regenerator-runtime": "^0.12.0"
      }
    },
    "@babel/standalone": {
      "version": "7.2.0",
      "resolved": "https://registry.npmjs.org/@babel/standalone/-/standalone-7.2.0.tgz",
      "integrity": "sha512-NGkvXAF5dojN5XxvCsiYacj8egsC1chfSnyilInTffI1XCRvgJAwUewJbtEoWTCjuaW0YZVe9sYLREJ3HheHDw=="
    },
    "ace-builds": {
      "version": "1.4.2",
      "resolved": "https://registry.npmjs.org/ace-builds/-/ace-builds-1.4.2.tgz",
      "integrity": "sha512-M1JtZctO2Zg+1qeGUFZXtYKsyaRptqQtqpVzlj80I0NzGW9MF3um0DBuizIvQlrPYUlTdm+wcOPZpZoerkxQdA=="
    },
    "asap": {
      "version": "2.0.6",
      "resolved": "https://registry.npmjs.org/asap/-/asap-2.0.6.tgz",
      "integrity": "sha1-5QNHYR1+aQlDIIu9r+vLwvuGbUY="
    },
    "commander": {
      "version": "1.1.1",
      "resolved": "http://registry.npmjs.org/commander/-/commander-1.1.1.tgz",
      "integrity": "sha1-UNFlGGiuYOzP8KLZ80WVN2vGsEE=",
      "requires": {
        "keypress": "0.1.x"
      }
    },
    "core-js": {
      "version": "1.2.7",
      "resolved": "http://registry.npmjs.org/core-js/-/core-js-1.2.7.tgz",
      "integrity": "sha1-ZSKUwUZR2yj6k70tX/KYOk8IxjY="
    },
    "create-react-class": {
      "version": "15.6.3",
      "resolved": "https://registry.npmjs.org/create-react-class/-/create-react-class-15.6.3.tgz",
      "integrity": "sha512-M+/3Q6E6DLO6Yx3OwrWjwHBnvfXXYA7W+dFjt/ZDBemHO1DDZhsalX/NUtnTYclN6GfnBDRh4qRHjcDHmlJBJg==",
      "requires": {
        "fbjs": "^0.8.9",
        "loose-envify": "^1.3.1",
        "object-assign": "^4.1.1"
      }
    },
    "easy-container": {
      "version": "1.0.2",
      "resolved": "https://registry.npmjs.org/easy-container/-/easy-container-1.0.2.tgz",
      "integrity": "sha512-ubfNXEtkaXlC5aIQT8t1RrwWUX8UM7DPsv4WRr7YuCZlteUWeby0YQpNki7UAx1RVBMb+P2z7GG65w+mmY8sDg=="
    },
    "encoding": {
      "version": "0.1.12",
      "resolved": "https://registry.npmjs.org/encoding/-/encoding-0.1.12.tgz",
      "integrity": "sha1-U4tm8+5izRq1HsMjgp0flIDHS+s=",
      "requires": {
        "iconv-lite": "~0.4.13"
      }
    },
    "fbjs": {
      "version": "0.8.17",
      "resolved": "https://registry.npmjs.org/fbjs/-/fbjs-0.8.17.tgz",
      "integrity": "sha1-xNWY6taUkRJlPWWIsBpc3Nn5D90=",
      "requires": {
        "core-js": "^1.0.0",
        "isomorphic-fetch": "^2.1.1",
        "loose-envify": "^1.0.0",
        "object-assign": "^4.1.0",
        "promise": "^7.1.1",
        "setimmediate": "^1.0.5",
        "ua-parser-js": "^0.7.18"
      }
    },
    "hoist-non-react-statics": {
      "version": "3.2.1",
      "resolved": "https://registry.npmjs.org/hoist-non-react-statics/-/hoist-non-react-statics-3.2.1.tgz",
      "integrity": "sha512-TFsu3TV3YLY+zFTZDrN8L2DTFanObwmBLpWvJs1qfUuEQ5bTAdFcwfx2T/bsCXfM9QHSLvjfP+nihEl0yvozxw==",
      "requires": {
        "react-is": "^16.3.2"
      }
    },
    "iconv-lite": {
      "version": "0.4.24",
      "resolved": "https://registry.npmjs.org/iconv-lite/-/iconv-lite-0.4.24.tgz",
      "integrity": "sha512-v3MXnZAcvnywkTUEZomIActle7RXXeedOR31wwl7VlyoXO4Qi9arvSenNQWne1TcRwhCL1HwLI21bEqdpj8/rA==",
      "requires": {
        "safer-buffer": ">= 2.1.2 < 3"
      }
    },
    "invariant": {
      "version": "2.2.4",
      "resolved": "https://registry.npmjs.org/invariant/-/invariant-2.2.4.tgz",
      "integrity": "sha512-phJfQVBuaJM5raOpJjSfkiD6BpbCE4Ns//LaXl6wGYtUBY83nWS6Rf9tXm2e8VaK60JEjYldbPif/A2B1C2gNA==",
      "requires": {
        "loose-envify": "^1.0.0"
      }
    },
    "is-stream": {
      "version": "1.1.0",
      "resolved": "https://registry.npmjs.org/is-stream/-/is-stream-1.1.0.tgz",
      "integrity": "sha1-EtSj3U5o4Lec6428hBc66A2RykQ="
    },
    "isomorphic-fetch": {
      "version": "2.2.1",
      "resolved": "https://registry.npmjs.org/isomorphic-fetch/-/isomorphic-fetch-2.2.1.tgz",
      "integrity": "sha1-YRrhrPFPXoH3KVB0coGf6XM1WKk=",
      "requires": {
        "node-fetch": "^1.0.1",
        "whatwg-fetch": ">=0.10.0"
      }
    },
    "js": {
      "version": "0.1.0",
      "resolved": "http://registry.npmjs.org/js/-/js-0.1.0.tgz",
      "integrity": "sha1-4dCv1V6jnCso2jBOgUPq8sEz82Y=",
      "requires": {
        "commander": "~1.1.1"
      }
    },
    "js-tokens": {
      "version": "4.0.0",
      "resolved": "https://registry.npmjs.org/js-tokens/-/js-tokens-4.0.0.tgz",
      "integrity": "sha512-RdJUflcE3cUzKiMqQgsCu06FPu9UdIJO0beYbPhHN4k6apgJtifcoCtT9bcxOpYBtpD2kCM6Sbzg4CausW/PKQ=="
    },
    "keypress": {
      "version": "0.1.0",
      "resolved": "https://registry.npmjs.org/keypress/-/keypress-0.1.0.tgz",
      "integrity": "sha1-SjGI1CkbZrT2XtuZ+AaqmuKTWSo="
    },
    "lodash": {
      "version": "4.17.11",
      "resolved": "https://registry.npmjs.org/lodash/-/lodash-4.17.11.tgz",
      "integrity": "sha512-cQKh8igo5QUhZ7lg38DYWAxMvjSAKG0A8wGSVimP07SIUEK2UO+arSRKbRZWtelMtN5V0Hkwh5ryOto/SshYIg=="
    },
    "lodash-es": {
      "version": "4.17.11",
      "resolved": "https://registry.npmjs.org/lodash-es/-/lodash-es-4.17.11.tgz",
      "integrity": "sha512-DHb1ub+rMjjrxqlB3H56/6MXtm1lSksDp2rA2cNWjG8mlDUYFhUj3Di2Zn5IwSU87xLv8tNIQ7sSwE/YOX/D/Q=="
    },
    "loose-envify": {
      "version": "1.4.0",
      "resolved": "https://registry.npmjs.org/loose-envify/-/loose-envify-1.4.0.tgz",
      "integrity": "sha512-lyuxPGr/Wfhrlem2CL/UcnUc1zcqKAImBDzukY7Y5F/yQiNdko6+fRLevlw1HgMySw7f611UIY408EtxRSoK3Q==",
      "requires": {
        "js-tokens": "^3.0.0 || ^4.0.0"
      }
    },
    "monaco-editor": {
      "version": "0.15.6",
      "resolved": "https://registry.npmjs.org/monaco-editor/-/monaco-editor-0.15.6.tgz",
      "integrity": "sha512-JoU9V9k6KqT9R9Tiw1RTU8ohZ+Xnf9DMg6Ktqqw5hILumwmq7xqa/KLXw513uTUsWbhtnHoSJYYR++u3pkyxJg=="
    },
    "node-fetch": {
      "version": "1.7.3",
      "resolved": "https://registry.npmjs.org/node-fetch/-/node-fetch-1.7.3.tgz",
      "integrity": "sha512-NhZ4CsKx7cYm2vSrBAr2PvFOe6sWDf0UYLRqA6svUYg7+/TSfVAu49jYC4BvQ4Sms9SZgdqGBgroqfDhJdTyKQ==",
      "requires": {
        "encoding": "^0.1.11",
        "is-stream": "^1.0.1"
      }
    },
    "object-assign": {
      "version": "4.1.1",
      "resolved": "https://registry.npmjs.org/object-assign/-/object-assign-4.1.1.tgz",
      "integrity": "sha1-IQmtx5ZYh8/AXLvUQsrIv7s2CGM="
    },
    "p5": {
      "version": "0.7.2",
      "resolved": "https://registry.npmjs.org/p5/-/p5-0.7.2.tgz",
      "integrity": "sha512-EQJSvnUiB9xuGnhX+m4SWrtL7Ks6nLetu5DE+r4B+jmYZey4k3C+MJ8N05ptNL+jqpNkkuo87xoEDi6hzCv0EA=="
    },
    "promise": {
      "version": "7.3.1",
      "resolved": "https://registry.npmjs.org/promise/-/promise-7.3.1.tgz",
      "integrity": "sha512-nolQXZ/4L+bP/UGlkfaIujX9BKxGwmQ9OT4mOt5yvy8iK1h3wqTEJCijzGANTCCl9nWjY41juyAn2K3Q1hLLTg==",
      "requires": {
        "asap": "~2.0.3"
      }
    },
    "prop-types": {
      "version": "15.6.2",
      "resolved": "https://registry.npmjs.org/prop-types/-/prop-types-15.6.2.tgz",
      "integrity": "sha512-3pboPvLiWD7dkI3qf3KbUe6hKFKa52w+AE0VCqECtf+QHAKgOL37tTaNCnuX1nAAQ4ZhyP+kYVKf8rLmJ/feDQ==",
      "requires": {
        "loose-envify": "^1.3.1",
        "object-assign": "^4.1.1"
      }
    },
    "react": {
      "version": "15.6.2",
      "resolved": "https://registry.npmjs.org/react/-/react-15.6.2.tgz",
      "integrity": "sha1-26BDSrQ5z+gvEI8PURZjkIF5qnI=",
      "requires": {
        "create-react-class": "^15.6.0",
        "fbjs": "^0.8.9",
        "loose-envify": "^1.1.0",
        "object-assign": "^4.1.0",
        "prop-types": "^15.5.10"
      }
    },
    "react-is": {
      "version": "16.6.3",
      "resolved": "https://registry.npmjs.org/react-is/-/react-is-16.6.3.tgz",
      "integrity": "sha512-u7FDWtthB4rWibG/+mFbVd5FvdI20yde86qKGx4lVUTWmPlSWQ4QxbBIrrs+HnXGbxOUlUzTAP/VDmvCwaP2yA=="
    },
    "react-lifecycles-compat": {
      "version": "3.0.4",
      "resolved": "https://registry.npmjs.org/react-lifecycles-compat/-/react-lifecycles-compat-3.0.4.tgz",
      "integrity": "sha512-fBASbA6LnOU9dOU2eW7aQ8xmYBSXUIWr+UmF9b1efZBazGNO+rcXT/icdKnYm2pTwcRylVUYwW7H1PHfLekVzA=="
    },
    "react-redux": {
      "version": "5.1.1",
      "resolved": "https://registry.npmjs.org/react-redux/-/react-redux-5.1.1.tgz",
      "integrity": "sha512-LE7Ned+cv5qe7tMV5BPYkGQ5Lpg8gzgItK07c67yHvJ8t0iaD9kPFPAli/mYkiyJYrs2pJgExR2ZgsGqlrOApg==",
      "requires": {
        "@babel/runtime": "^7.1.2",
        "hoist-non-react-statics": "^3.1.0",
        "invariant": "^2.2.4",
        "loose-envify": "^1.1.0",
        "prop-types": "^15.6.1",
        "react-is": "^16.6.0",
        "react-lifecycles-compat": "^3.0.0"
      }
    },
    "redux": {
      "version": "3.7.2",
      "resolved": "https://registry.npmjs.org/redux/-/redux-3.7.2.tgz",
      "integrity": "sha512-pNqnf9q1hI5HHZRBkj3bAngGZW/JMCmexDlOxw4XagXY2o1327nHH54LoTjiPJ0gizoqPDRqWyX/00g0hD6w+A==",
      "requires": {
        "lodash": "^4.2.1",
        "lodash-es": "^4.2.1",
        "loose-envify": "^1.1.0",
        "symbol-observable": "^1.0.3"
      }
    },
    "regenerator-runtime": {
      "version": "0.12.1",
      "resolved": "https://registry.npmjs.org/regenerator-runtime/-/regenerator-runtime-0.12.1.tgz",
      "integrity": "sha512-odxIc1/vDlo4iZcfXqRYFj0vpXFNoGdKMAUieAlFYO6m/nl5e9KR/beGf41z4a1FI+aQgtjhuaSlDxQ0hmkrHg=="
    },
    "safer-buffer": {
      "version": "2.1.2",
      "resolved": "https://registry.npmjs.org/safer-buffer/-/safer-buffer-2.1.2.tgz",
      "integrity": "sha512-YZo3K82SD7Riyi0E1EQPojLz7kpepnSQI9IyPbHHg1XXXevb5dJI7tpyN2ADxGcQbHG7vcyRHk0cbwqcQriUtg=="
    },
    "setimmediate": {
      "version": "1.0.5",
      "resolved": "https://registry.npmjs.org/setimmediate/-/setimmediate-1.0.5.tgz",
      "integrity": "sha1-KQy7Iy4waULX1+qbg3Mqt4VvgoU="
    },
    "symbol-observable": {
      "version": "1.2.0",
      "resolved": "https://registry.npmjs.org/symbol-observable/-/symbol-observable-1.2.0.tgz",
      "integrity": "sha512-e900nM8RRtGhlV36KGEU9k65K3mPb1WV70OdjfxlG2EAuM1noi/E/BaW/uMhL7bPEssK8QV57vN3esixjUvcXQ=="
    },
    "ua-parser-js": {
      "version": "0.7.19",
      "resolved": "https://registry.npmjs.org/ua-parser-js/-/ua-parser-js-0.7.19.tgz",
      "integrity": "sha512-T3PVJ6uz8i0HzPxOF9SWzWAlfN/DavlpQqepn22xgve/5QecC+XMCAtmUNnY7C9StehaV6exjUCI801lOI7QlQ=="
    },
    "visuals": {
      "version": "1.0.1",
      "resolved": "https://registry.npmjs.org/visuals/-/visuals-1.0.1.tgz",
      "integrity": "sha512-sJMLn0WMlGNk3z/XbXz0Lwq6aMpDeFxjQxXD0nDcu+yHQahxH/+4dfiZlXuqzejWObBDKEcrYNVSuPAdkLwJzg==",
      "requires": {
        "easy-container": "^1.0.0",
        "prop-types": "^15.5.10",
        "react": "^15.6.1",
        "react-redux": "^5.0.5",
        "redux": "^3.7.2"
      }
    },
    "whatwg-fetch": {
      "version": "3.0.0",
      "resolved": "https://registry.npmjs.org/whatwg-fetch/-/whatwg-fetch-3.0.0.tgz",
      "integrity": "sha512-9GSJUgz1D4MfyKU7KRqwOjXCXTqWdFNvEr7eUBYchQiVc744mqK/MzXPNR2WsPkmkOa4ywfg8C2n8h+13Bey1Q=="
    }
  }
}
